// !$*UTF8*$!
{
	archiveVersion = 1;
	classes = {
	};
	objectVersion = 50;
	objects = {

/* Begin PBXBuildFile section */
		F4A3E36F2426ABD2006925C2 /* AppDelegate.swift in Sources */ = {isa = PBXBuildFile; fileRef = F4A3E36E2426ABD2006925C2 /* AppDelegate.swift */; };
		F4A3E3712426ABD2006925C2 /* SceneDelegate.swift in Sources */ = {isa = PBXBuildFile; fileRef = F4A3E3702426ABD2006925C2 /* SceneDelegate.swift */; };
		F4A3E3732426ABD2006925C2 /* ViewController.swift in Sources */ = {isa = PBXBuildFile; fileRef = F4A3E3722426ABD2006925C2 /* ViewController.swift */; };
		F4A3E3762426ABD2006925C2 /* Main.storyboard in Resources */ = {isa = PBXBuildFile; fileRef = F4A3E3742426ABD2006925C2 /* Main.storyboard */; };
		F4A3E3782426ABD3006925C2 /* Assets.xcassets in Resources */ = {isa = PBXBuildFile; fileRef = F4A3E3772426ABD3006925C2 /* Assets.xcassets */; };
		F4A3E37B2426ABD3006925C2 /* LaunchScreen.storyboard in Resources */ = {isa = PBXBuildFile; fileRef = F4A3E3792426ABD3006925C2 /* LaunchScreen.storyboard */; };
		F4A3E3862426ABD3006925C2 /* MyDexTests.swift in Sources */ = {isa = PBXBuildFile; fileRef = F4A3E3852426ABD3006925C2 /* MyDexTests.swift */; };
		F4A3E3912426ABD3006925C2 /* MyDexUITests.swift in Sources */ = {isa = PBXBuildFile; fileRef = F4A3E3902426ABD3006925C2 /* MyDexUITests.swift */; };
		F4A3E3A22426AD23006925C2 /* NetworkClient.swift in Sources */ = {isa = PBXBuildFile; fileRef = F4A3E3A12426AD23006925C2 /* NetworkClient.swift */; };
		F4A3E3A42426AF48006925C2 /* PokemonCharacter.swift in Sources */ = {isa = PBXBuildFile; fileRef = F4A3E3A32426AF48006925C2 /* PokemonCharacter.swift */; };
		F4A3E3A62426AFC5006925C2 /* Butterfree.json in Resources */ = {isa = PBXBuildFile; fileRef = F4A3E3A52426AFC5006925C2 /* Butterfree.json */; };
/* End PBXBuildFile section */

/* Begin PBXContainerItemProxy section */
		F4A3E3822426ABD3006925C2 /* PBXContainerItemProxy */ = {
			isa = PBXContainerItemProxy;
			containerPortal = F4A3E3632426ABD2006925C2 /* Project object */;
			proxyType = 1;
			remoteGlobalIDString = F4A3E36A2426ABD2006925C2;
			remoteInfo = MyDex;
		};
		F4A3E38D2426ABD3006925C2 /* PBXContainerItemProxy */ = {
			isa = PBXContainerItemProxy;
			containerPortal = F4A3E3632426ABD2006925C2 /* Project object */;
			proxyType = 1;
			remoteGlobalIDString = F4A3E36A2426ABD2006925C2;
			remoteInfo = MyDex;
		};
/* End PBXContainerItemProxy section */

/* Begin PBXFileReference section */
		F4A3E36B2426ABD2006925C2 /* MyDex.app */ = {isa = PBXFileReference; explicitFileType = wrapper.application; includeInIndex = 0; path = MyDex.app; sourceTree = BUILT_PRODUCTS_DIR; };
		F4A3E36E2426ABD2006925C2 /* AppDelegate.swift */ = {isa = PBXFileReference; lastKnownFileType = sourcecode.swift; path = AppDelegate.swift; sourceTree = "<group>"; };
		F4A3E3702426ABD2006925C2 /* SceneDelegate.swift */ = {isa = PBXFileReference; lastKnownFileType = sourcecode.swift; path = SceneDelegate.swift; sourceTree = "<group>"; };
		F4A3E3722426ABD2006925C2 /* ViewController.swift */ = {isa = PBXFileReference; lastKnownFileType = sourcecode.swift; path = ViewController.swift; sourceTree = "<group>"; };
		F4A3E3752426ABD2006925C2 /* Base */ = {isa = PBXFileReference; lastKnownFileType = file.storyboard; name = Base; path = Base.lproj/Main.storyboard; sourceTree = "<group>"; };
		F4A3E3772426ABD3006925C2 /* Assets.xcassets */ = {isa = PBXFileReference; lastKnownFileType = folder.assetcatalog; path = Assets.xcassets; sourceTree = "<group>"; };
		F4A3E37A2426ABD3006925C2 /* Base */ = {isa = PBXFileReference; lastKnownFileType = file.storyboard; name = Base; path = Base.lproj/LaunchScreen.storyboard; sourceTree = "<group>"; };
		F4A3E37C2426ABD3006925C2 /* Info.plist */ = {isa = PBXFileReference; lastKnownFileType = text.plist.xml; path = Info.plist; sourceTree = "<group>"; };
		F4A3E3812426ABD3006925C2 /* MyDexTests.xctest */ = {isa = PBXFileReference; explicitFileType = wrapper.cfbundle; includeInIndex = 0; path = MyDexTests.xctest; sourceTree = BUILT_PRODUCTS_DIR; };
		F4A3E3852426ABD3006925C2 /* MyDexTests.swift */ = {isa = PBXFileReference; lastKnownFileType = sourcecode.swift; path = MyDexTests.swift; sourceTree = "<group>"; };
		F4A3E3872426ABD3006925C2 /* Info.plist */ = {isa = PBXFileReference; lastKnownFileType = text.plist.xml; path = Info.plist; sourceTree = "<group>"; };
		F4A3E38C2426ABD3006925C2 /* MyDexUITests.xctest */ = {isa = PBXFileReference; explicitFileType = wrapper.cfbundle; includeInIndex = 0; path = MyDexUITests.xctest; sourceTree = BUILT_PRODUCTS_DIR; };
		F4A3E3902426ABD3006925C2 /* MyDexUITests.swift */ = {isa = PBXFileReference; lastKnownFileType = sourcecode.swift; path = MyDexUITests.swift; sourceTree = "<group>"; };
		F4A3E3922426ABD3006925C2 /* Info.plist */ = {isa = PBXFileReference; lastKnownFileType = text.plist.xml; path = Info.plist; sourceTree = "<group>"; };
		F4A3E3A12426AD23006925C2 /* NetworkClient.swift */ = {isa = PBXFileReference; lastKnownFileType = sourcecode.swift; path = NetworkClient.swift; sourceTree = "<group>"; };
		F4A3E3A32426AF48006925C2 /* PokemonCharacter.swift */ = {isa = PBXFileReference; lastKnownFileType = sourcecode.swift; path = PokemonCharacter.swift; sourceTree = "<group>"; };
		F4A3E3A52426AFC5006925C2 /* Butterfree.json */ = {isa = PBXFileReference; fileEncoding = 4; lastKnownFileType = text.json; path = Butterfree.json; sourceTree = "<group>"; };
/* End PBXFileReference section */

/* Begin PBXFrameworksBuildPhase section */
		F4A3E3682426ABD2006925C2 /* Frameworks */ = {
			isa = PBXFrameworksBuildPhase;
			buildActionMask = 2147483647;
			files = (
			);
			runOnlyForDeploymentPostprocessing = 0;
		};
		F4A3E37E2426ABD3006925C2 /* Frameworks */ = {
			isa = PBXFrameworksBuildPhase;
			buildActionMask = 2147483647;
			files = (
			);
			runOnlyForDeploymentPostprocessing = 0;
		};
		F4A3E3892426ABD3006925C2 /* Frameworks */ = {
			isa = PBXFrameworksBuildPhase;
			buildActionMask = 2147483647;
			files = (
			);
			runOnlyForDeploymentPostprocessing = 0;
		};
/* End PBXFrameworksBuildPhase section */

/* Begin PBXGroup section */
		F4A3E3622426ABD2006925C2 = {
			isa = PBXGroup;
			children = (
				F4A3E36D2426ABD2006925C2 /* MyDex */,
				F4A3E3842426ABD3006925C2 /* MyDexTests */,
				F4A3E38F2426ABD3006925C2 /* MyDexUITests */,
				F4A3E36C2426ABD2006925C2 /* Products */,
			);
			sourceTree = "<group>";
		};
		F4A3E36C2426ABD2006925C2 /* Products */ = {
			isa = PBXGroup;
			children = (
				F4A3E36B2426ABD2006925C2 /* MyDex.app */,
				F4A3E3812426ABD3006925C2 /* MyDexTests.xctest */,
				F4A3E38C2426ABD3006925C2 /* MyDexUITests.xctest */,
			);
			name = Products;
			sourceTree = "<group>";
		};
		F4A3E36D2426ABD2006925C2 /* MyDex */ = {
			isa = PBXGroup;
			children = (
				F4A3E3A02426AC4C006925C2 /* Models */,
				F4A3E39F2426AC41006925C2 /* Delegates */,
				F4A3E39E2426AC2C006925C2 /* UI */,
				F4A3E3772426ABD3006925C2 /* Assets.xcassets */,
				F4A3E37C2426ABD3006925C2 /* Info.plist */,
			);
			path = MyDex;
			sourceTree = "<group>";
		};
		F4A3E3842426ABD3006925C2 /* MyDexTests */ = {
			isa = PBXGroup;
			children = (
				F4A3E3A52426AFC5006925C2 /* Butterfree.json */,
				F4A3E3852426ABD3006925C2 /* MyDexTests.swift */,
				F4A3E3872426ABD3006925C2 /* Info.plist */,
			);
			path = MyDexTests;
			sourceTree = "<group>";
		};
		F4A3E38F2426ABD3006925C2 /* MyDexUITests */ = {
			isa = PBXGroup;
			children = (
				F4A3E3902426ABD3006925C2 /* MyDexUITests.swift */,
				F4A3E3922426ABD3006925C2 /* Info.plist */,
			);
			path = MyDexUITests;
			sourceTree = "<group>";
		};
		F4A3E39E2426AC2C006925C2 /* UI */ = {
			isa = PBXGroup;
			children = (
				F4A3E3722426ABD2006925C2 /* ViewController.swift */,
				F4A3E3792426ABD3006925C2 /* LaunchScreen.storyboard */,
				F4A3E3742426ABD2006925C2 /* Main.storyboard */,
			);
			path = UI;
			sourceTree = "<group>";
		};
		F4A3E39F2426AC41006925C2 /* Delegates */ = {
			isa = PBXGroup;
			children = (
				F4A3E36E2426ABD2006925C2 /* AppDelegate.swift */,
				F4A3E3702426ABD2006925C2 /* SceneDelegate.swift */,
			);
			path = Delegates;
			sourceTree = "<group>";
		};
		F4A3E3A02426AC4C006925C2 /* Models */ = {
			isa = PBXGroup;
			children = (
				F4A3E3A12426AD23006925C2 /* NetworkClient.swift */,
				F4A3E3A32426AF48006925C2 /* PokemonCharacter.swift */,
			);
			path = Models;
			sourceTree = "<group>";
		};
/* End PBXGroup section */

/* Begin PBXNativeTarget section */
		F4A3E36A2426ABD2006925C2 /* MyDex */ = {
			isa = PBXNativeTarget;
			buildConfigurationList = F4A3E3952426ABD3006925C2 /* Build configuration list for PBXNativeTarget "MyDex" */;
			buildPhases = (
				F4A3E3672426ABD2006925C2 /* Sources */,
				F4A3E3682426ABD2006925C2 /* Frameworks */,
				F4A3E3692426ABD2006925C2 /* Resources */,
			);
			buildRules = (
			);
			dependencies = (
			);
			name = MyDex;
			productName = MyDex;
			productReference = F4A3E36B2426ABD2006925C2 /* MyDex.app */;
			productType = "com.apple.product-type.application";
		};
		F4A3E3802426ABD3006925C2 /* MyDexTests */ = {
			isa = PBXNativeTarget;
			buildConfigurationList = F4A3E3982426ABD3006925C2 /* Build configuration list for PBXNativeTarget "MyDexTests" */;
			buildPhases = (
				F4A3E37D2426ABD3006925C2 /* Sources */,
				F4A3E37E2426ABD3006925C2 /* Frameworks */,
				F4A3E37F2426ABD3006925C2 /* Resources */,
			);
			buildRules = (
			);
			dependencies = (
				F4A3E3832426ABD3006925C2 /* PBXTargetDependency */,
			);
			name = MyDexTests;
			productName = MyDexTests;
			productReference = F4A3E3812426ABD3006925C2 /* MyDexTests.xctest */;
			productType = "com.apple.product-type.bundle.unit-test";
		};
		F4A3E38B2426ABD3006925C2 /* MyDexUITests */ = {
			isa = PBXNativeTarget;
			buildConfigurationList = F4A3E39B2426ABD3006925C2 /* Build configuration list for PBXNativeTarget "MyDexUITests" */;
			buildPhases = (
				F4A3E3882426ABD3006925C2 /* Sources */,
				F4A3E3892426ABD3006925C2 /* Frameworks */,
				F4A3E38A2426ABD3006925C2 /* Resources */,
			);
			buildRules = (
			);
			dependencies = (
				F4A3E38E2426ABD3006925C2 /* PBXTargetDependency */,
			);
			name = MyDexUITests;
			productName = MyDexUITests;
			productReference = F4A3E38C2426ABD3006925C2 /* MyDexUITests.xctest */;
			productType = "com.apple.product-type.bundle.ui-testing";
		};
/* End PBXNativeTarget section */

/* Begin PBXProject section */
		F4A3E3632426ABD2006925C2 /* Project object */ = {
			isa = PBXProject;
			attributes = {
				LastSwiftUpdateCheck = 1130;
				LastUpgradeCheck = 1130;
				ORGANIZATIONNAME = "Eric Dockery";
				TargetAttributes = {
					F4A3E36A2426ABD2006925C2 = {
						CreatedOnToolsVersion = 11.3.1;
					};
					F4A3E3802426ABD3006925C2 = {
						CreatedOnToolsVersion = 11.3.1;
						TestTargetID = F4A3E36A2426ABD2006925C2;
					};
					F4A3E38B2426ABD3006925C2 = {
						CreatedOnToolsVersion = 11.3.1;
						TestTargetID = F4A3E36A2426ABD2006925C2;
					};
				};
			};
			buildConfigurationList = F4A3E3662426ABD2006925C2 /* Build configuration list for PBXProject "MyDex" */;
			compatibilityVersion = "Xcode 9.3";
			developmentRegion = en;
			hasScannedForEncodings = 0;
			knownRegions = (
				en,
				Base,
			);
			mainGroup = F4A3E3622426ABD2006925C2;
			productRefGroup = F4A3E36C2426ABD2006925C2 /* Products */;
			projectDirPath = "";
			projectRoot = "";
			targets = (
				F4A3E36A2426ABD2006925C2 /* MyDex */,
				F4A3E3802426ABD3006925C2 /* MyDexTests */,
				F4A3E38B2426ABD3006925C2 /* MyDexUITests */,
			);
		};
/* End PBXProject section */

/* Begin PBXResourcesBuildPhase section */
		F4A3E3692426ABD2006925C2 /* Resources */ = {
			isa = PBXResourcesBuildPhase;
			buildActionMask = 2147483647;
			files = (
				F4A3E37B2426ABD3006925C2 /* LaunchScreen.storyboard in Resources */,
				F4A3E3782426ABD3006925C2 /* Assets.xcassets in Resources */,
				F4A3E3762426ABD2006925C2 /* Main.storyboard in Resources */,
			);
			runOnlyForDeploymentPostprocessing = 0;
		};
		F4A3E37F2426ABD3006925C2 /* Resources */ = {
			isa = PBXResourcesBuildPhase;
			buildActionMask = 2147483647;
			files = (
				F4A3E3A62426AFC5006925C2 /* Butterfree.json in Resources */,
			);
			runOnlyForDeploymentPostprocessing = 0;
		};
		F4A3E38A2426ABD3006925C2 /* Resources */ = {
			isa = PBXResourcesBuildPhase;
			buildActionMask = 2147483647;
			files = (
			);
			runOnlyForDeploymentPostprocessing = 0;
		};
/* End PBXResourcesBuildPhase section */

/* Begin PBXSourcesBuildPhase section */
		F4A3E3672426ABD2006925C2 /* Sources */ = {
			isa = PBXSourcesBuildPhase;
			buildActionMask = 2147483647;
			files = (
				F4A3E3732426ABD2006925C2 /* ViewController.swift in Sources */,
				F4A3E3A42426AF48006925C2 /* PokemonCharacter.swift in Sources */,
				F4A3E36F2426ABD2006925C2 /* AppDelegate.swift in Sources */,
				F4A3E3712426ABD2006925C2 /* SceneDelegate.swift in Sources */,
				F4A3E3A22426AD23006925C2 /* NetworkClient.swift in Sources */,
			);
			runOnlyForDeploymentPostprocessing = 0;
		};
		F4A3E37D2426ABD3006925C2 /* Sources */ = {
			isa = PBXSourcesBuildPhase;
			buildActionMask = 2147483647;
			files = (
				F4A3E3862426ABD3006925C2 /* MyDexTests.swift in Sources */,
			);
			runOnlyForDeploymentPostprocessing = 0;
		};
		F4A3E3882426ABD3006925C2 /* Sources */ = {
			isa = PBXSourcesBuildPhase;
			buildActionMask = 2147483647;
			files = (
				F4A3E3912426ABD3006925C2 /* MyDexUITests.swift in Sources */,
			);
			runOnlyForDeploymentPostprocessing = 0;
		};
/* End PBXSourcesBuildPhase section */

/* Begin PBXTargetDependency section */
		F4A3E3832426ABD3006925C2 /* PBXTargetDependency */ = {
			isa = PBXTargetDependency;
			target = F4A3E36A2426ABD2006925C2 /* MyDex */;
			targetProxy = F4A3E3822426ABD3006925C2 /* PBXContainerItemProxy */;
		};
		F4A3E38E2426ABD3006925C2 /* PBXTargetDependency */ = {
			isa = PBXTargetDependency;
			target = F4A3E36A2426ABD2006925C2 /* MyDex */;
			targetProxy = F4A3E38D2426ABD3006925C2 /* PBXContainerItemProxy */;
		};
/* End PBXTargetDependency section */

/* Begin PBXVariantGroup section */
		F4A3E3742426ABD2006925C2 /* Main.storyboard */ = {
			isa = PBXVariantGroup;
			children = (
				F4A3E3752426ABD2006925C2 /* Base */,
			);
			name = Main.storyboard;
			sourceTree = "<group>";
		};
		F4A3E3792426ABD3006925C2 /* LaunchScreen.storyboard */ = {
			isa = PBXVariantGroup;
			children = (
				F4A3E37A2426ABD3006925C2 /* Base */,
			);
			name = LaunchScreen.storyboard;
			sourceTree = "<group>";
		};
/* End PBXVariantGroup section */

/* Begin XCBuildConfiguration section */
		F4A3E3932426ABD3006925C2 /* Debug */ = {
			isa = XCBuildConfiguration;
			buildSettings = {
				ALWAYS_SEARCH_USER_PATHS = NO;
				CLANG_ANALYZER_NONNULL = YES;
				CLANG_ANALYZER_NUMBER_OBJECT_CONVERSION = YES_AGGRESSIVE;
				CLANG_CXX_LANGUAGE_STANDARD = "gnu++14";
				CLANG_CXX_LIBRARY = "libc++";
				CLANG_ENABLE_MODULES = YES;
				CLANG_ENABLE_OBJC_ARC = YES;
				CLANG_ENABLE_OBJC_WEAK = YES;
				CLANG_WARN_BLOCK_CAPTURE_AUTORELEASING = YES;
				CLANG_WARN_BOOL_CONVERSION = YES;
				CLANG_WARN_COMMA = YES;
				CLANG_WARN_CONSTANT_CONVERSION = YES;
				CLANG_WARN_DEPRECATED_OBJC_IMPLEMENTATIONS = YES;
				CLANG_WARN_DIRECT_OBJC_ISA_USAGE = YES_ERROR;
				CLANG_WARN_DOCUMENTATION_COMMENTS = YES;
				CLANG_WARN_EMPTY_BODY = YES;
				CLANG_WARN_ENUM_CONVERSION = YES;
				CLANG_WARN_INFINITE_RECURSION = YES;
				CLANG_WARN_INT_CONVERSION = YES;
				CLANG_WARN_NON_LITERAL_NULL_CONVERSION = YES;
				CLANG_WARN_OBJC_IMPLICIT_RETAIN_SELF = YES;
				CLANG_WARN_OBJC_LITERAL_CONVERSION = YES;
				CLANG_WARN_OBJC_ROOT_CLASS = YES_ERROR;
				CLANG_WARN_RANGE_LOOP_ANALYSIS = YES;
				CLANG_WARN_STRICT_PROTOTYPES = YES;
				CLANG_WARN_SUSPICIOUS_MOVE = YES;
				CLANG_WARN_UNGUARDED_AVAILABILITY = YES_AGGRESSIVE;
				CLANG_WARN_UNREACHABLE_CODE = YES;
				CLANG_WARN__DUPLICATE_METHOD_MATCH = YES;
				COPY_PHASE_STRIP = NO;
				DEBUG_INFORMATION_FORMAT = dwarf;
				ENABLE_STRICT_OBJC_MSGSEND = YES;
				ENABLE_TESTABILITY = YES;
				GCC_C_LANGUAGE_STANDARD = gnu11;
				GCC_DYNAMIC_NO_PIC = NO;
				GCC_NO_COMMON_BLOCKS = YES;
				GCC_OPTIMIZATION_LEVEL = 0;
				GCC_PREPROCESSOR_DEFINITIONS = (
					"DEBUG=1",
					"$(inherited)",
				);
				GCC_WARN_64_TO_32_BIT_CONVERSION = YES;
				GCC_WARN_ABOUT_RETURN_TYPE = YES_ERROR;
				GCC_WARN_UNDECLARED_SELECTOR = YES;
				GCC_WARN_UNINITIALIZED_AUTOS = YES_AGGRESSIVE;
				GCC_WARN_UNUSED_FUNCTION = YES;
				GCC_WARN_UNUSED_VARIABLE = YES;
				IPHONEOS_DEPLOYMENT_TARGET = 13.2;
				MTL_ENABLE_DEBUG_INFO = INCLUDE_SOURCE;
				MTL_FAST_MATH = YES;
				ONLY_ACTIVE_ARCH = YES;
				SDKROOT = iphoneos;
				SWIFT_ACTIVE_COMPILATION_CONDITIONS = DEBUG;
				SWIFT_OPTIMIZATION_LEVEL = "-Onone";
			};
			name = Debug;
		};
		F4A3E3942426ABD3006925C2 /* Release */ = {
			isa = XCBuildConfiguration;
			buildSettings = {
				ALWAYS_SEARCH_USER_PATHS = NO;
				CLANG_ANALYZER_NONNULL = YES;
				CLANG_ANALYZER_NUMBER_OBJECT_CONVERSION = YES_AGGRESSIVE;
				CLANG_CXX_LANGUAGE_STANDARD = "gnu++14";
				CLANG_CXX_LIBRARY = "libc++";
				CLANG_ENABLE_MODULES = YES;
				CLANG_ENABLE_OBJC_ARC = YES;
				CLANG_ENABLE_OBJC_WEAK = YES;
				CLANG_WARN_BLOCK_CAPTURE_AUTORELEASING = YES;
				CLANG_WARN_BOOL_CONVERSION = YES;
				CLANG_WARN_COMMA = YES;
				CLANG_WARN_CONSTANT_CONVERSION = YES;
				CLANG_WARN_DEPRECATED_OBJC_IMPLEMENTATIONS = YES;
				CLANG_WARN_DIRECT_OBJC_ISA_USAGE = YES_ERROR;
				CLANG_WARN_DOCUMENTATION_COMMENTS = YES;
				CLANG_WARN_EMPTY_BODY = YES;
				CLANG_WARN_ENUM_CONVERSION = YES;
				CLANG_WARN_INFINITE_RECURSION = YES;
				CLANG_WARN_INT_CONVERSION = YES;
				CLANG_WARN_NON_LITERAL_NULL_CONVERSION = YES;
				CLANG_WARN_OBJC_IMPLICIT_RETAIN_SELF = YES;
				CLANG_WARN_OBJC_LITERAL_CONVERSION = YES;
				CLANG_WARN_OBJC_ROOT_CLASS = YES_ERROR;
				CLANG_WARN_RANGE_LOOP_ANALYSIS = YES;
				CLANG_WARN_STRICT_PROTOTYPES = YES;
				CLANG_WARN_SUSPICIOUS_MOVE = YES;
				CLANG_WARN_UNGUARDED_AVAILABILITY = YES_AGGRESSIVE;
				CLANG_WARN_UNREACHABLE_CODE = YES;
				CLANG_WARN__DUPLICATE_METHOD_MATCH = YES;
				COPY_PHASE_STRIP = NO;
				DEBUG_INFORMATION_FORMAT = "dwarf-with-dsym";
				ENABLE_NS_ASSERTIONS = NO;
				ENABLE_STRICT_OBJC_MSGSEND = YES;
				GCC_C_LANGUAGE_STANDARD = gnu11;
				GCC_NO_COMMON_BLOCKS = YES;
				GCC_WARN_64_TO_32_BIT_CONVERSION = YES;
				GCC_WARN_ABOUT_RETURN_TYPE = YES_ERROR;
				GCC_WARN_UNDECLARED_SELECTOR = YES;
				GCC_WARN_UNINITIALIZED_AUTOS = YES_AGGRESSIVE;
				GCC_WARN_UNUSED_FUNCTION = YES;
				GCC_WARN_UNUSED_VARIABLE = YES;
				IPHONEOS_DEPLOYMENT_TARGET = 13.2;
				MTL_ENABLE_DEBUG_INFO = NO;
				MTL_FAST_MATH = YES;
				SDKROOT = iphoneos;
				SWIFT_COMPILATION_MODE = wholemodule;
				SWIFT_OPTIMIZATION_LEVEL = "-O";
				VALIDATE_PRODUCT = YES;
			};
			name = Release;
		};
		F4A3E3962426ABD3006925C2 /* Debug */ = {
			isa = XCBuildConfiguration;
			buildSettings = {
				ASSETCATALOG_COMPILER_APPICON_NAME = AppIcon;
				CODE_SIGN_STYLE = Automatic;
				DEVELOPMENT_TEAM = JN6SRFFEJW;
				INFOPLIST_FILE = MyDex/Info.plist;
				LD_RUNPATH_SEARCH_PATHS = (
					"$(inherited)",
					"@executable_path/Frameworks",
				);
				PRODUCT_BUNDLE_IDENTIFIER = DockerysPlayground.MyDex;
				PRODUCT_NAME = "$(TARGET_NAME)";
				SWIFT_VERSION = 5.0;
				TARGETED_DEVICE_FAMILY = "1,2";
			};
			name = Debug;
		};
		F4A3E3972426ABD3006925C2 /* Release */ = {
			isa = XCBuildConfiguration;
			buildSettings = {
				ASSETCATALOG_COMPILER_APPICON_NAME = AppIcon;
				CODE_SIGN_STYLE = Automatic;
				DEVELOPMENT_TEAM = JN6SRFFEJW;
				INFOPLIST_FILE = MyDex/Info.plist;
				LD_RUNPATH_SEARCH_PATHS = (
					"$(inherited)",
					"@executable_path/Frameworks",
				);
				PRODUCT_BUNDLE_IDENTIFIER = DockerysPlayground.MyDex;
				PRODUCT_NAME = "$(TARGET_NAME)";
				SWIFT_VERSION = 5.0;
				TARGETED_DEVICE_FAMILY = "1,2";
			};
			name = Release;
		};
		F4A3E3992426ABD3006925C2 /* Debug */ = {
			isa = XCBuildConfiguration;
			buildSettings = {
				ALWAYS_EMBED_SWIFT_STANDARD_LIBRARIES = YES;
				BUNDLE_LOADER = "$(TEST_HOST)";
				CODE_SIGN_STYLE = Automatic;
				DEVELOPMENT_TEAM = JN6SRFFEJW;
				INFOPLIST_FILE = MyDexTests/Info.plist;
				IPHONEOS_DEPLOYMENT_TARGET = 13.2;
				LD_RUNPATH_SEARCH_PATHS = (
					"$(inherited)",
					"@executable_path/Frameworks",
					"@loader_path/Frameworks",
				);
				PRODUCT_BUNDLE_IDENTIFIER = DockerysPlayground.MyDexTests;
				PRODUCT_NAME = "$(TARGET_NAME)";
				SWIFT_VERSION = 5.0;
				TARGETED_DEVICE_FAMILY = "1,2";
				TEST_HOST = "$(BUILT_PRODUCTS_DIR)/MyDex.app/MyDex";
			};
			name = Debug;
		};
		F4A3E39A2426ABD3006925C2 /* Release */ = {
			isa = XCBuildConfiguration;
			buildSettings = {
				ALWAYS_EMBED_SWIFT_STANDARD_LIBRARIES = YES;
				BUNDLE_LOADER = "$(TEST_HOST)";
				CODE_SIGN_STYLE = Automatic;
				DEVELOPMENT_TEAM = JN6SRFFEJW;
				INFOPLIST_FILE = MyDexTests/Info.plist;
				IPHONEOS_DEPLOYMENT_TARGET = 13.2;
				LD_RUNPATH_SEARCH_PATHS = (
					"$(inherited)",
					"@executable_path/Frameworks",
					"@loader_path/Frameworks",
				);
				PRODUCT_BUNDLE_IDENTIFIER = DockerysPlayground.MyDexTests;
				PRODUCT_NAME = "$(TARGET_NAME)";
				SWIFT_VERSION = 5.0;
				TARGETED_DEVICE_FAMILY = "1,2";
				TEST_HOST = "$(BUILT_PRODUCTS_DIR)/MyDex.app/MyDex";
			};
			name = Release;
		};
		F4A3E39C2426ABD3006925C2 /* Debug */ = {
			isa = XCBuildConfiguration;
			buildSettings = {
				ALWAYS_EMBED_SWIFT_STANDARD_LIBRARIES = YES;
				CODE_SIGN_STYLE = Automatic;
				DEVELOPMENT_TEAM = JN6SRFFEJW;
				INFOPLIST_FILE = MyDexUITests/Info.plist;
				LD_RUNPATH_SEARCH_PATHS = (
					"$(inherited)",
					"@executable_path/Frameworks",
					"@loader_path/Frameworks",
				);
				PRODUCT_BUNDLE_IDENTIFIER = DockerysPlayground.MyDexUITests;
				PRODUCT_NAME = "$(TARGET_NAME)";
				SWIFT_VERSION = 5.0;
				TARGETED_DEVICE_FAMILY = "1,2";
				TEST_TARGET_NAME = MyDex;
			};
			name = Debug;
		};
		F4A3E39D2426ABD3006925C2 /* Release */ = {
			isa = XCBuildConfiguration;
			buildSettings = {
				ALWAYS_EMBED_SWIFT_STANDARD_LIBRARIES = YES;
				CODE_SIGN_STYLE = Automatic;
				DEVELOPMENT_TEAM = JN6SRFFEJW;
				INFOPLIST_FILE = MyDexUITests/Info.plist;
				LD_RUNPATH_SEARCH_PATHS = (
					"$(inherited)",
					"@executable_path/Frameworks",
					"@loader_path/Frameworks",
				);
				PRODUCT_BUNDLE_IDENTIFIER = DockerysPlayground.MyDexUITests;
				PRODUCT_NAME = "$(TARGET_NAME)";
				SWIFT_VERSION = 5.0;
				TARGETED_DEVICE_FAMILY = "1,2";
				TEST_TARGET_NAME = MyDex;
			};
			name = Release;
		};
/* End XCBuildConfiguration section */

/* Begin XCConfigurationList section */
		F4A3E3662426ABD2006925C2 /* Build configuration list for PBXProject "MyDex" */ = {
			isa = XCConfigurationList;
			buildConfigurations = (
				F4A3E3932426ABD3006925C2 /* Debug */,
				F4A3E3942426ABD3006925C2 /* Release */,
			);
			defaultConfigurationIsVisible = 0;
			defaultConfigurationName = Release;
		};
		F4A3E3952426ABD3006925C2 /* Build configuration list for PBXNativeTarget "MyDex" */ = {
			isa = XCConfigurationList;
			buildConfigurations = (
				F4A3E3962426ABD3006925C2 /* Debug */,
				F4A3E3972426ABD3006925C2 /* Release */,
			);
			defaultConfigurationIsVisible = 0;
			defaultConfigurationName = Release;
		};
		F4A3E3982426ABD3006925C2 /* Build configuration list for PBXNativeTarget "MyDexTests" */ = {
			isa = XCConfigurationList;
			buildConfigurations = (
				F4A3E3992426ABD3006925C2 /* Debug */,
				F4A3E39A2426ABD3006925C2 /* Release */,
			);
			defaultConfigurationIsVisible = 0;
			defaultConfigurationName = Release;
		};
		F4A3E39B2426ABD3006925C2 /* Build configuration list for PBXNativeTarget "MyDexUITests" */ = {
			isa = XCConfigurationList;
			buildConfigurations = (
				F4A3E39C2426ABD3006925C2 /* Debug */,
				F4A3E39D2426ABD3006925C2 /* Release */,
			);
			defaultConfigurationIsVisible = 0;
			defaultConfigurationName = Release;
		};
/* End XCConfigurationList section */
	};
	rootObject = F4A3E3632426ABD2006925C2 /* Project object */;
}
